
Microsoft Visual Studio Solution File, Format Version 12.00
# Visual Studio Version 16
VisualStudioVersion = 16.0.31624.102
MinimumVisualStudioVersion = 10.0.40219.1
Project("{FAE04EC0-301F-11D3-BF4B-00C04F79EFBC}") = "Panosen.ShuntingYard", "Panosen.ShuntingYard\Panosen.ShuntingYard.csproj", "{954FDB61-F7B9-44B1-A2C4-E044A908260D}"
EndProject
Project("{FAE04EC0-301F-11D3-BF4B-00C04F79EFBC}") = "Panosen.ShuntingYard.MSTest", "Panosen.ShuntingYard.MSTest\Panosen.ShuntingYard.MSTest.csproj", "{B3409B7C-2166-4DF4-8112-B5D7E3DAC607}"
EndProject
Global
	GlobalSection(SolutionConfigurationPlatforms) = preSolution
		Debug|Any CPU = Debug|Any CPU
		Release|Any CPU = Release|Any CPU
	EndGlobalSection
	GlobalSection(ProjectConfigurationPlatforms) = postSolution
		{954FDB61-F7B9-44B1-A2C4-E044A908260D}.Debug|Any CPU.ActiveCfg = Debug|Any CPU
		{954FDB61-F7B9-44B1-A2C4-E044A908260D}.Debug|Any CPU.Build.0 = Debug|Any CPU
		{954FDB61-F7B9-44B1-A2C4-E044A908260D}.Release|Any CPU.ActiveCfg = Release|Any CPU
		{954FDB61-F7B9-44B1-A2C4-E044A908260D}.Release|Any CPU.Build.0 = Release|Any CPU
		{B3409B7C-2166-4DF4-8112-B5D7E3DAC607}.Debug|Any CPU.ActiveCfg = Debug|Any CPU
		{B3409B7C-2166-4DF4-8112-B5D7E3DAC607}.Debug|Any CPU.Build.0 = Debug|Any CPU
		{B3409B7C-2166-4DF4-8112-B5D7E3DAC607}.Release|Any CPU.ActiveCfg = Release|Any CPU
		{B3409B7C-2166-4DF4-8112-B5D7E3DAC607}.Release|Any CPU.Build.0 = Release|Any CPU
	EndGlobalSection
	GlobalSection(SolutionProperties) = preSolution
		HideSolutionNode = FALSE
	EndGlobalSection
	GlobalSection(ExtensibilityGlobals) = postSolution
		SolutionGuid = {D2AECB5F-C878-46EB-819F-5AD5B5C4F6A2}
	EndGlobalSection
EndGlobal
